
Microsoft Visual Studio Solution File, Format Version 12.00
# Visual Studio Version 17
VisualStudioVersion = 17.5.002.0
MinimumVisualStudioVersion = 10.0.40219.1
Project("{9A19103F-16F7-4668-BE54-9A1E7A4F7556}") = "FunctionTests", "tests\FunctionTests.csproj", "{56EBA4BB-9112-4B5F-9C65-AA75DDF63C19}"
EndProject
Project("{9A19103F-16F7-4668-BE54-9A1E7A4F7556}") = "AzFunctionsEgEhSbStg", "src\AzFunctionsEgEhSbStg.csproj", "{24F23975-90E3-4651-B9C9-E765152C53EF}"
EndProject
Project("{2150E333-8FDC-42A3-9474-1A3956D46DE8}") = "src", "src", "{0BF68516-8F7D-484D-91BE-A9118FC3F58C}"
EndProject
Project("{2150E333-8FDC-42A3-9474-1A3956D46DE8}") = "obj", "obj", "{D7E2A060-5539-40C3-B2FA-6648B82E94E9}"
EndProject
Project("{2150E333-8FDC-42A3-9474-1A3956D46DE8}") = "Debug", "Debug", "{D31BB6E0-556F-4355-8902-D8AA0B03B59B}"
EndProject
Project("{2150E333-8FDC-42A3-9474-1A3956D46DE8}") = "net8.0", "net8.0", "{C8D47397-2ACF-4311-B070-9D9DE7384EB4}"
EndProject
Project("{9A19103F-16F7-4668-BE54-9A1E7A4F7556}") = "WorkerExtensions", "src\obj\Debug\net8.0\WorkerExtensions\WorkerExtensions.csproj", "{F504D339-941B-4AC1-B840-5E0DEE1ED94D}"
EndProject
Global
	GlobalSection(SolutionConfigurationPlatforms) = preSolution
		Debug|Any CPU = Debug|Any CPU
		Release|Any CPU = Release|Any CPU
	EndGlobalSection
	GlobalSection(ProjectConfigurationPlatforms) = postSolution
		{56EBA4BB-9112-4B5F-9C65-AA75DDF63C19}.Debug|Any CPU.ActiveCfg = Debug|Any CPU
		{56EBA4BB-9112-4B5F-9C65-AA75DDF63C19}.Debug|Any CPU.Build.0 = Debug|Any CPU
		{56EBA4BB-9112-4B5F-9C65-AA75DDF63C19}.Release|Any CPU.ActiveCfg = Release|Any CPU
		{56EBA4BB-9112-4B5F-9C65-AA75DDF63C19}.Release|Any CPU.Build.0 = Release|Any CPU
		{24F23975-90E3-4651-B9C9-E765152C53EF}.Debug|Any CPU.ActiveCfg = Debug|Any CPU
		{24F23975-90E3-4651-B9C9-E765152C53EF}.Debug|Any CPU.Build.0 = Debug|Any CPU
		{24F23975-90E3-4651-B9C9-E765152C53EF}.Release|Any CPU.ActiveCfg = Release|Any CPU
		{24F23975-90E3-4651-B9C9-E765152C53EF}.Release|Any CPU.Build.0 = Release|Any CPU
		{F504D339-941B-4AC1-B840-5E0DEE1ED94D}.Debug|Any CPU.ActiveCfg = Debug|Any CPU
		{F504D339-941B-4AC1-B840-5E0DEE1ED94D}.Debug|Any CPU.Build.0 = Debug|Any CPU
		{F504D339-941B-4AC1-B840-5E0DEE1ED94D}.Release|Any CPU.ActiveCfg = Release|Any CPU
		{F504D339-941B-4AC1-B840-5E0DEE1ED94D}.Release|Any CPU.Build.0 = Release|Any CPU
	EndGlobalSection
	GlobalSection(SolutionProperties) = preSolution
		HideSolutionNode = FALSE
	EndGlobalSection
	GlobalSection(NestedProjects) = preSolution
		{D7E2A060-5539-40C3-B2FA-6648B82E94E9} = {0BF68516-8F7D-484D-91BE-A9118FC3F58C}
		{D31BB6E0-556F-4355-8902-D8AA0B03B59B} = {D7E2A060-5539-40C3-B2FA-6648B82E94E9}
		{C8D47397-2ACF-4311-B070-9D9DE7384EB4} = {D31BB6E0-556F-4355-8902-D8AA0B03B59B}
		{F504D339-941B-4AC1-B840-5E0DEE1ED94D} = {C8D47397-2ACF-4311-B070-9D9DE7384EB4}
	EndGlobalSection
	GlobalSection(ExtensibilityGlobals) = postSolution
		SolutionGuid = {B694E476-EDA1-4E82-B94D-0317FB8150FB}
	EndGlobalSection
EndGlobal
